# THIS IS AN AUTOGENERATED FILE. DO NOT EDIT THIS FILE DIRECTLY.
# yarn lockfile v1


emittery@^0.4.1:
  version "0.4.1"
  resolved "https://registry.yarnpkg.com/emittery/-/emittery-0.4.1.tgz#abe9d3297389ba424ac87e53d1c701962ce7433d"

iterall@^1.2.2:
  version "1.2.2"
  resolved "https://registry.yarnpkg.com/iterall/-/iterall-1.2.2.tgz#92d70deb8028e0c39ff3164fdbf4d8b088130cd7"
